
Microsoft Visual Studio Solution File, Format Version 12.00
# Visual Studio Version 16
VisualStudioVersion = 16.0.32002.261
MinimumVisualStudioVersion = 10.0.40219.1
Project("{FAE04EC0-301F-11D3-BF4B-00C04F79EFBC}") = "CoffeShop", "CoffeShop.csproj", "{A518A636-1437-425E-987C-C21A8F5EA422}"
EndProject
Global
	GlobalSection(SolutionConfigurationPlatforms) = preSolution
		Debug|Any CPU = Debug|Any CPU
		Release|Any CPU = Release|Any CPU
	EndGlobalSection
	GlobalSection(ProjectConfigurationPlatforms) = postSolution
		{A518A636-1437-425E-987C-C21A8F5EA422}.Debug|Any CPU.ActiveCfg = Debug|Any CPU
		{A518A636-1437-425E-987C-C21A8F5EA422}.Debug|Any CPU.Build.0 = Debug|Any CPU
		{A518A636-1437-425E-987C-C21A8F5EA422}.Release|Any CPU.ActiveCfg = Release|Any CPU
		{A518A636-1437-425E-987C-C21A8F5EA422}.Release|Any CPU.Build.0 = Release|Any CPU
	EndGlobalSection
	GlobalSection(SolutionProperties) = preSolution
		HideSolutionNode = FALSE
	EndGlobalSection
	GlobalSection(ExtensibilityGlobals) = postSolution
		SolutionGuid = {188A6B22-8E00-4DE1-93EA-36B50D8E53D0}
	EndGlobalSection
EndGlobal
